
Microsoft Visual Studio Solution File, Format Version 12.00
# Visual Studio 15
VisualStudioVersion = 15.0.27130.2027
MinimumVisualStudioVersion = 10.0.40219.1
Project("{9092AA53-FB77-4645-B42D-1CCCA6BD08BD}") = "AACarol", "AACarol.njsproj", "{48ECB08F-259F-45CB-9EB7-B297BE11C1B0}"
EndProject
Global
	GlobalSection(SolutionConfigurationPlatforms) = preSolution
		Debug|Any CPU = Debug|Any CPU
		Release|Any CPU = Release|Any CPU
	EndGlobalSection
	GlobalSection(ProjectConfigurationPlatforms) = postSolution
		{48ECB08F-259F-45CB-9EB7-B297BE11C1B0}.Debug|Any CPU.ActiveCfg = Debug|Any CPU
		{48ECB08F-259F-45CB-9EB7-B297BE11C1B0}.Debug|Any CPU.Build.0 = Debug|Any CPU
		{48ECB08F-259F-45CB-9EB7-B297BE11C1B0}.Release|Any CPU.ActiveCfg = Release|Any CPU
		{48ECB08F-259F-45CB-9EB7-B297BE11C1B0}.Release|Any CPU.Build.0 = Release|Any CPU
	EndGlobalSection
	GlobalSection(SolutionProperties) = preSolution
		HideSolutionNode = FALSE
	EndGlobalSection
	GlobalSection(ExtensibilityGlobals) = postSolution
		SolutionGuid = {7882087A-CF9E-4717-AD23-33BB5BCFE2FE}
	EndGlobalSection
EndGlobal
